
Microsoft Visual Studio Solution File, Format Version 12.00
# Visual Studio Version 16
VisualStudioVersion = 16.0.31624.102
MinimumVisualStudioVersion = 10.0.40219.1
Project("{FAE04EC0-301F-11D3-BF4B-00C04F79EFBC}") = "RekurzijaVaja", "RekurzijaVaja\RekurzijaVaja.csproj", "{4736F79B-8B7B-4AF4-9108-2CB0D6B38F4F}"
EndProject
Global
	GlobalSection(SolutionConfigurationPlatforms) = preSolution
		Debug|Any CPU = Debug|Any CPU
		Release|Any CPU = Release|Any CPU
	EndGlobalSection
	GlobalSection(ProjectConfigurationPlatforms) = postSolution
		{4736F79B-8B7B-4AF4-9108-2CB0D6B38F4F}.Debug|Any CPU.ActiveCfg = Debug|Any CPU
		{4736F79B-8B7B-4AF4-9108-2CB0D6B38F4F}.Debug|Any CPU.Build.0 = Debug|Any CPU
		{4736F79B-8B7B-4AF4-9108-2CB0D6B38F4F}.Release|Any CPU.ActiveCfg = Release|Any CPU
		{4736F79B-8B7B-4AF4-9108-2CB0D6B38F4F}.Release|Any CPU.Build.0 = Release|Any CPU
	EndGlobalSection
	GlobalSection(SolutionProperties) = preSolution
		HideSolutionNode = FALSE
	EndGlobalSection
	GlobalSection(ExtensibilityGlobals) = postSolution
		SolutionGuid = {E1EA3E8F-C70D-4132-A815-2845264F405C}
	EndGlobalSection
EndGlobal
